<?xml version="1.0" encoding="utf-8"?>
<Project ToolsVersion="4.0" xmlns="http://schemas.microsoft.com/developer/msbuild/2003">
  <ItemGroup>
    <Filter Include="Source Files">
      <UniqueIdentifier>{4FC737F1-C7A5-4376-A066-2A32D752A2FF}</UniqueIdentifier>
      <Extensions>cpp;c;cc;cxx;c++;cppm;ixx;def;odl;idl;hpj;bat;asm;asmx</Extensions>
    </Filter>
    <Filter Include="Header Files">
      <UniqueIdentifier>{93995380-89BD-4b04-88EB-625FBE52EBFB}</UniqueIdentifier>
      <Extensions>h;hh;hpp;hxx;h++;hm;inl;inc;ipp;xsd</Extensions>
    </Filter>
    <Filter Include="Resource Files">
      <UniqueIdentifier>{67DA6AB6-F800-4c08-8B7A-83BB121AAD01}</UniqueIdentifier>
      <Extensions>rc;ico;cur;bmp;dlg;rc2;rct;bin;rgs;gif;jpg;jpeg;jpe;resx;tiff;tif;png;wav;mfcribbon-ms</Extensions>
    </Filter>
    <Filter Include="Tests">
      <UniqueIdentifier>{e1366cb4-3c22-4a35-80f6-5eb7d0174da9}</UniqueIdentifier>
    </Filter>
    <Filter Include="Tests\Fixtures">
      <UniqueIdentifier>{dc407e2b-19fc-4bb8-8d0f-1720406ee6c8}</UniqueIdentifier>
    </Filter>
  </ItemGroup>
  <ItemGroup>
    <ClCompile Include="main.cpp">
      <Filter>Source Files</Filter>
    </ClCompile>
  </ItemGroup>
  <ItemGroup>
    <ClInclude Include="ForwardList.h">
      <Filter>Header Files</Filter>
    </ClInclude>
    <ClInclude Include="Tests\1BasicConstructorsTest.h">
      <Filter>Tests</Filter>
    </ClInclude>
    <ClInclude Include="Tests\2PushFrontTest.h">
      <Filter>Tests</Filter>
    </ClInclude>
    <ClInclude Include="Tests\3PopFrontTest.h">
      <Filter>Tests</Filter>
    </ClInclude>
    <ClInclude Include="Tests\4DestructorCallTest.h">
      <Filter>Tests</Filter>
    </ClInclude>
    <ClInclude Include="Tests\5CopyConstructorTest.h">
      <Filter>Tests</Filter>
    </ClInclude>
    <ClInclude Include="Tests\6AssignmentOperatorTest.h">
      <Filter>Tests</Filter>
    </ClInclude>
    <ClInclude Include="Tests\7DestructorWithAssignmentTest.h">
      <Filter>Tests</Filter>
    </ClInclude>
    <ClInclude Include="Tests\8EmplaceFrontTest.h">
      <Filter>Tests</Filter>
    </ClInclude>
    <ClInclude Include="Tests\9FrontTest.h">
      <Filter>Tests</Filter>
    </ClInclude>
    <ClInclude Include="Tests\10ClearTest.h">
      <Filter>Tests</Filter>
    </ClInclude>
    <ClInclude Include="Tests\11BasicIteratorTest.h">
      <Filter>Tests</Filter>
    </ClInclude>
    <ClInclude Include="Tests\12ConstIteratorTest.h">
      <Filter>Tests</Filter>
    </ClInclude>
    <ClInclude Include="Tests\13MemberAccessIteratorTest.h">
      <Filter>Tests</Filter>
    </ClInclude>
    <ClInclude Include="Tests\14InitializerListConstructorTest.h">
      <Filter>Tests</Filter>
    </ClInclude>
    <ClInclude Include="Tests\15IteratorConstructibleTest.h">
      <Filter>Tests</Filter>
    </ClInclude>
    <ClInclude Include="Tests\16ClassWithNoDefaultConstructorTest.h">
      <Filter>Tests</Filter>
    </ClInclude>
    <ClInclude Include="Tests\17InsertTest.h">
      <Filter>Tests</Filter>
    </ClInclude>
    <ClInclude Include="Tests\18EraseTest.h">
      <Filter>Tests</Filter>
    </ClInclude>
    <ClInclude Include="Tests\19StlCompatibilityTest.h">
      <Filter>Tests</Filter>
    </ClInclude>
    <ClInclude Include="Tests\Fixtures\CustomAsserts.h">
      <Filter>Tests\Fixtures</Filter>
    </ClInclude>
  </ItemGroup>
</Project>